{
  "originHash" : "9905b4f372fcf40e58a328cc660fad6ca25d982b4b41d0c9c2ca7652aafa393e",
  "pins" : [
    {
      "identity" : "flic2lib-ios",
      "kind" : "remoteSourceControl",
      "location" : "git@github.com:50ButtonsEach/flic2lib-ios.git",
      "state" : {
        "branch" : "feature/fall-detection",
        "revision" : "5208d2a451708d1813b549828ab1a3d86d409695"
      }
    }
  ],
  "version" : 3
}
